# This file is automatically @generated by Poetry 1.8.3 and should not be changed by hand.

[[package]]
name = "ldap3"
version = "2.9.1"
description = "A strictly RFC 4510 conforming LDAP V3 pure Python client library"
optional = false
python-versions = "*"
files = [
    {file = "ldap3-2.9.1-py2.py3-none-any.whl", hash = "sha256:5869596fc4948797020d3f03b7939da938778a0f9e2009f7a072ccf92b8e8d70"},
    {file = "ldap3-2.9.1.tar.gz", hash = "sha256:f3e7fc4718e3f09dda568b57100095e0ce58633bcabbed8667ce3f8fbaa4229f"},
]

[package.dependencies]
pyasn1 = ">=0.4.6"

[[package]]
name = "pyasn1"
version = "0.6.0"
description = "Pure-Python implementation of ASN.1 types and DER/BER/CER codecs (X.208)"
optional = false
python-versions = ">=3.8"
files = [
    {file = "pyasn1-0.6.0-py2.py3-none-any.whl", hash = "sha256:cca4bb0f2df5504f02f6f8a775b6e416ff9b0b3b16f7ee80b5a3153d9b804473"},
    {file = "pyasn1-0.6.0.tar.gz", hash = "sha256:3a35ab2c4b5ef98e17dfdec8ab074046fbda76e281c5a706ccd82328cfc8f64c"},
]

[metadata]
lock-version = "2.0"
python-versions = "^3.12"
content-hash = "3bce1eb544b85ab439ec405abf9e54c596688ef1e5e27457be6bf0d30df2961c"
